
Microsoft Visual Studio Solution File, Format Version 12.00
# Visual Studio Version 17
VisualStudioVersion = 17.9.34622.214
MinimumVisualStudioVersion = 10.0.40219.1
Project("{FAE04EC0-301F-11D3-BF4B-00C04F79EFBC}") = "DiplomIvanova", "DiplomIvanova\DiplomIvanova.csproj", "{28ABF279-0060-4EC5-B337-9643508C6EAB}"
EndProject
Global
	GlobalSection(SolutionConfigurationPlatforms) = preSolution
		Debug|Any CPU = Debug|Any CPU
		Release|Any CPU = Release|Any CPU
	EndGlobalSection
	GlobalSection(ProjectConfigurationPlatforms) = postSolution
		{28ABF279-0060-4EC5-B337-9643508C6EAB}.Debug|Any CPU.ActiveCfg = Debug|Any CPU
		{28ABF279-0060-4EC5-B337-9643508C6EAB}.Debug|Any CPU.Build.0 = Debug|Any CPU
		{28ABF279-0060-4EC5-B337-9643508C6EAB}.Debug|Any CPU.Deploy.0 = Debug|Any CPU
		{28ABF279-0060-4EC5-B337-9643508C6EAB}.Release|Any CPU.ActiveCfg = Release|Any CPU
		{28ABF279-0060-4EC5-B337-9643508C6EAB}.Release|Any CPU.Build.0 = Release|Any CPU
		{28ABF279-0060-4EC5-B337-9643508C6EAB}.Release|Any CPU.Deploy.0 = Release|Any CPU
	EndGlobalSection
	GlobalSection(SolutionProperties) = preSolution
		HideSolutionNode = FALSE
	EndGlobalSection
	GlobalSection(ExtensibilityGlobals) = postSolution
		SolutionGuid = {DF9F109D-5697-4BB9-BC30-BF618490155F}
	EndGlobalSection
EndGlobal
